
Microsoft Visual Studio Solution File, Format Version 12.00
# Visual Studio Version 17
VisualStudioVersion = 17.14.36429.23
MinimumVisualStudioVersion = 10.0.40219.1
Project("{FAE04EC0-301F-11D3-BF4B-00C04F79EFBC}") = "API", "API\API.csproj", "{C4295D30-B751-4909-880B-FD599BFA5E22}"
EndProject
Project("{FAE04EC0-301F-11D3-BF4B-00C04F79EFBC}") = "Domain", "Domain\Domain.csproj", "{A4080E8E-462D-4484-AF3E-32BB38F8C7F9}"
EndProject
Project("{FAE04EC0-301F-11D3-BF4B-00C04F79EFBC}") = "Application", "Application\Application.csproj", "{B14C25F5-A9B1-47A4-9F19-3BCB23CA5FE1}"
EndProject
Project("{FAE04EC0-301F-11D3-BF4B-00C04F79EFBC}") = "Infrastructure", "Infrastructure\Infrastructure.csproj", "{223D4925-2397-42EE-B4A2-D11ADF6F1110}"
EndProject
Project("{FAE04EC0-301F-11D3-BF4B-00C04F79EFBC}") = "Persistence", "Persistence\Persistence.csproj", "{D723E9FC-732B-4DF1-83DE-700C122FCEBE}"
EndProject
Project("{2150E333-8FDC-42A3-9474-1A3956D46DE8}") = "Tests", "Tests", "{02EA681E-C7D8-13C7-8484-4AC65E1B71E8}"
EndProject
Project("{FAE04EC0-301F-11D3-BF4B-00C04F79EFBC}") = "TaskManagementAppUnitTests", "TaskManagementAppUnitTests\TaskManagementAppUnitTests.csproj", "{9B02A812-C9F8-4998-A9A1-371F846FB72F}"
EndProject
Project("{FAE04EC0-301F-11D3-BF4B-00C04F79EFBC}") = "TaskManagementAppRepositoryTests", "TaskManagementAppRepositoryTests\TaskManagementAppRepositoryTests.csproj", "{4104F870-88C4-4B23-A208-2E5B9084F6AA}"
EndProject
Project("{FAE04EC0-301F-11D3-BF4B-00C04F79EFBC}") = "TaskManagementAppIntegrationTests", "TaskManagementAppIntegrationTests\TaskManagementAppIntegrationTests.csproj", "{9A7E7952-0A41-4765-B521-6A94152F3147}"
EndProject
Global
	GlobalSection(SolutionConfigurationPlatforms) = preSolution
		Debug|Any CPU = Debug|Any CPU
		Release|Any CPU = Release|Any CPU
	EndGlobalSection
	GlobalSection(ProjectConfigurationPlatforms) = postSolution
		{C4295D30-B751-4909-880B-FD599BFA5E22}.Debug|Any CPU.ActiveCfg = Debug|Any CPU
		{C4295D30-B751-4909-880B-FD599BFA5E22}.Debug|Any CPU.Build.0 = Debug|Any CPU
		{C4295D30-B751-4909-880B-FD599BFA5E22}.Release|Any CPU.ActiveCfg = Release|Any CPU
		{C4295D30-B751-4909-880B-FD599BFA5E22}.Release|Any CPU.Build.0 = Release|Any CPU
		{A4080E8E-462D-4484-AF3E-32BB38F8C7F9}.Debug|Any CPU.ActiveCfg = Debug|Any CPU
		{A4080E8E-462D-4484-AF3E-32BB38F8C7F9}.Debug|Any CPU.Build.0 = Debug|Any CPU
		{A4080E8E-462D-4484-AF3E-32BB38F8C7F9}.Release|Any CPU.ActiveCfg = Release|Any CPU
		{A4080E8E-462D-4484-AF3E-32BB38F8C7F9}.Release|Any CPU.Build.0 = Release|Any CPU
		{B14C25F5-A9B1-47A4-9F19-3BCB23CA5FE1}.Debug|Any CPU.ActiveCfg = Debug|Any CPU
		{B14C25F5-A9B1-47A4-9F19-3BCB23CA5FE1}.Debug|Any CPU.Build.0 = Debug|Any CPU
		{B14C25F5-A9B1-47A4-9F19-3BCB23CA5FE1}.Release|Any CPU.ActiveCfg = Release|Any CPU
		{B14C25F5-A9B1-47A4-9F19-3BCB23CA5FE1}.Release|Any CPU.Build.0 = Release|Any CPU
		{223D4925-2397-42EE-B4A2-D11ADF6F1110}.Debug|Any CPU.ActiveCfg = Debug|Any CPU
		{223D4925-2397-42EE-B4A2-D11ADF6F1110}.Debug|Any CPU.Build.0 = Debug|Any CPU
		{223D4925-2397-42EE-B4A2-D11ADF6F1110}.Release|Any CPU.ActiveCfg = Release|Any CPU
		{223D4925-2397-42EE-B4A2-D11ADF6F1110}.Release|Any CPU.Build.0 = Release|Any CPU
		{D723E9FC-732B-4DF1-83DE-700C122FCEBE}.Debug|Any CPU.ActiveCfg = Debug|Any CPU
		{D723E9FC-732B-4DF1-83DE-700C122FCEBE}.Debug|Any CPU.Build.0 = Debug|Any CPU
		{D723E9FC-732B-4DF1-83DE-700C122FCEBE}.Release|Any CPU.ActiveCfg = Release|Any CPU
		{D723E9FC-732B-4DF1-83DE-700C122FCEBE}.Release|Any CPU.Build.0 = Release|Any CPU
		{9B02A812-C9F8-4998-A9A1-371F846FB72F}.Debug|Any CPU.ActiveCfg = Debug|Any CPU
		{9B02A812-C9F8-4998-A9A1-371F846FB72F}.Debug|Any CPU.Build.0 = Debug|Any CPU
		{9B02A812-C9F8-4998-A9A1-371F846FB72F}.Release|Any CPU.ActiveCfg = Release|Any CPU
		{9B02A812-C9F8-4998-A9A1-371F846FB72F}.Release|Any CPU.Build.0 = Release|Any CPU
		{4104F870-88C4-4B23-A208-2E5B9084F6AA}.Debug|Any CPU.ActiveCfg = Debug|Any CPU
		{4104F870-88C4-4B23-A208-2E5B9084F6AA}.Debug|Any CPU.Build.0 = Debug|Any CPU
		{4104F870-88C4-4B23-A208-2E5B9084F6AA}.Release|Any CPU.ActiveCfg = Release|Any CPU
		{4104F870-88C4-4B23-A208-2E5B9084F6AA}.Release|Any CPU.Build.0 = Release|Any CPU
		{9A7E7952-0A41-4765-B521-6A94152F3147}.Debug|Any CPU.ActiveCfg = Debug|Any CPU
		{9A7E7952-0A41-4765-B521-6A94152F3147}.Debug|Any CPU.Build.0 = Debug|Any CPU
		{9A7E7952-0A41-4765-B521-6A94152F3147}.Release|Any CPU.ActiveCfg = Release|Any CPU
		{9A7E7952-0A41-4765-B521-6A94152F3147}.Release|Any CPU.Build.0 = Release|Any CPU
	EndGlobalSection
	GlobalSection(SolutionProperties) = preSolution
		HideSolutionNode = FALSE
	EndGlobalSection
	GlobalSection(NestedProjects) = preSolution
		{9B02A812-C9F8-4998-A9A1-371F846FB72F} = {02EA681E-C7D8-13C7-8484-4AC65E1B71E8}
		{4104F870-88C4-4B23-A208-2E5B9084F6AA} = {02EA681E-C7D8-13C7-8484-4AC65E1B71E8}
		{9A7E7952-0A41-4765-B521-6A94152F3147} = {02EA681E-C7D8-13C7-8484-4AC65E1B71E8}
	EndGlobalSection
	GlobalSection(ExtensibilityGlobals) = postSolution
		SolutionGuid = {3DE16212-89F9-4256-8739-4A7DABC74494}
	EndGlobalSection
EndGlobal
